
Microsoft Visual Studio Solution File, Format Version 12.00
# Visual Studio Version 17
VisualStudioVersion = 17.8.34316.72
MinimumVisualStudioVersion = 10.0.40219.1
Project("{FAE04EC0-301F-11D3-BF4B-00C04F79EFBC}") = "lab0", "lab0\lab0.csproj", "{5A2C169A-A037-4063-B6EE-ED504F03FABF}"
EndProject
Global
	GlobalSection(SolutionConfigurationPlatforms) = preSolution
		Debug|Any CPU = Debug|Any CPU
		Release|Any CPU = Release|Any CPU
	EndGlobalSection
	GlobalSection(ProjectConfigurationPlatforms) = postSolution
		{5A2C169A-A037-4063-B6EE-ED504F03FABF}.Debug|Any CPU.ActiveCfg = Debug|Any CPU
		{5A2C169A-A037-4063-B6EE-ED504F03FABF}.Debug|Any CPU.Build.0 = Debug|Any CPU
		{5A2C169A-A037-4063-B6EE-ED504F03FABF}.Release|Any CPU.ActiveCfg = Release|Any CPU
		{5A2C169A-A037-4063-B6EE-ED504F03FABF}.Release|Any CPU.Build.0 = Release|Any CPU
	EndGlobalSection
	GlobalSection(SolutionProperties) = preSolution
		HideSolutionNode = FALSE
	EndGlobalSection
	GlobalSection(ExtensibilityGlobals) = postSolution
		SolutionGuid = {CFD9D0B1-4D63-4969-90F8-B3625E0C02C3}
	EndGlobalSection
EndGlobal
